
Microsoft Visual Studio Solution File, Format Version 12.00
# Visual Studio 15
VisualStudioVersion = 15.0.27703.2000
MinimumVisualStudioVersion = 10.0.40219.1
Project("{8BC9CEB8-8B4A-11D0-8D11-00A0C91BC942}") = "Flappy Copter", "Flappy Copter\Flappy Copter.vcxproj", "{24A92F14-2237-45B2-BDC7-81C989B12986}"
EndProject
Global
	GlobalSection(SolutionConfigurationPlatforms) = preSolution
		Debug|x64 = Debug|x64
		Debug|x86 = Debug|x86
		Release|x64 = Release|x64
		Release|x86 = Release|x86
	EndGlobalSection
	GlobalSection(ProjectConfigurationPlatforms) = postSolution
		{24A92F14-2237-45B2-BDC7-81C989B12986}.Debug|x64.ActiveCfg = Debug|x64
		{24A92F14-2237-45B2-BDC7-81C989B12986}.Debug|x64.Build.0 = Debug|x64
		{24A92F14-2237-45B2-BDC7-81C989B12986}.Debug|x86.ActiveCfg = Debug|Win32
		{24A92F14-2237-45B2-BDC7-81C989B12986}.Debug|x86.Build.0 = Debug|Win32
		{24A92F14-2237-45B2-BDC7-81C989B12986}.Release|x64.ActiveCfg = Release|x64
		{24A92F14-2237-45B2-BDC7-81C989B12986}.Release|x64.Build.0 = Release|x64
		{24A92F14-2237-45B2-BDC7-81C989B12986}.Release|x86.ActiveCfg = Release|Win32
		{24A92F14-2237-45B2-BDC7-81C989B12986}.Release|x86.Build.0 = Release|Win32
	EndGlobalSection
	GlobalSection(SolutionProperties) = preSolution
		HideSolutionNode = FALSE
	EndGlobalSection
	GlobalSection(ExtensibilityGlobals) = postSolution
		SolutionGuid = {EC0E32A6-9CEA-4FF5-BA08-EEE94221440A}
	EndGlobalSection
EndGlobal
